
Microsoft Visual Studio Solution File, Format Version 12.00
# Visual Studio Version 16
VisualStudioVersion = 16.0.29709.97
MinimumVisualStudioVersion = 10.0.40219.1
Project("{FAE04EC0-301F-11D3-BF4B-00C04F79EFBC}") = "ContosoUniversity", "ContosoUniversity\ContosoUniversity.csproj", "{A960A2C2-24F6-457C-867C-DA6B5F6C97D9}"
EndProject
Global
	GlobalSection(SolutionConfigurationPlatforms) = preSolution
		Debug|Any CPU = Debug|Any CPU
		Release|Any CPU = Release|Any CPU
	EndGlobalSection
	GlobalSection(ProjectConfigurationPlatforms) = postSolution
		{A960A2C2-24F6-457C-867C-DA6B5F6C97D9}.Debug|Any CPU.ActiveCfg = Debug|Any CPU
		{A960A2C2-24F6-457C-867C-DA6B5F6C97D9}.Debug|Any CPU.Build.0 = Debug|Any CPU
		{A960A2C2-24F6-457C-867C-DA6B5F6C97D9}.Release|Any CPU.ActiveCfg = Release|Any CPU
		{A960A2C2-24F6-457C-867C-DA6B5F6C97D9}.Release|Any CPU.Build.0 = Release|Any CPU
	EndGlobalSection
	GlobalSection(SolutionProperties) = preSolution
		HideSolutionNode = FALSE
	EndGlobalSection
	GlobalSection(ExtensibilityGlobals) = postSolution
		SolutionGuid = {F57DB58A-D8EC-4D9A-B952-E3F53CA9BDF9}
	EndGlobalSection
EndGlobal
